
Microsoft Visual Studio Solution File, Format Version 12.00
# Visual Studio Version 17
VisualStudioVersion = 17.12.35527.113
MinimumVisualStudioVersion = 10.0.40219.1
Project("{FAE04EC0-301F-11D3-BF4B-00C04F79EFBC}") = "CMS.Data", "CMS.Data\CMS.Data.csproj", "{29C402B2-0D71-4B13-8CF0-1CA1A49DD033}"
EndProject
Project("{FAE04EC0-301F-11D3-BF4B-00C04F79EFBC}") = "CMS Backend", "CMS Backend\CMS Backend.csproj", "{C2BEA7BD-5E91-4522-808F-03E6489357A9}"
EndProject
Global
	GlobalSection(SolutionConfigurationPlatforms) = preSolution
		Debug|Any CPU = Debug|Any CPU
		Release|Any CPU = Release|Any CPU
	EndGlobalSection
	GlobalSection(ProjectConfigurationPlatforms) = postSolution
		{29C402B2-0D71-4B13-8CF0-1CA1A49DD033}.Debug|Any CPU.ActiveCfg = Debug|Any CPU
		{29C402B2-0D71-4B13-8CF0-1CA1A49DD033}.Debug|Any CPU.Build.0 = Debug|Any CPU
		{29C402B2-0D71-4B13-8CF0-1CA1A49DD033}.Release|Any CPU.ActiveCfg = Release|Any CPU
		{29C402B2-0D71-4B13-8CF0-1CA1A49DD033}.Release|Any CPU.Build.0 = Release|Any CPU
		{C2BEA7BD-5E91-4522-808F-03E6489357A9}.Debug|Any CPU.ActiveCfg = Debug|Any CPU
		{C2BEA7BD-5E91-4522-808F-03E6489357A9}.Debug|Any CPU.Build.0 = Debug|Any CPU
		{C2BEA7BD-5E91-4522-808F-03E6489357A9}.Release|Any CPU.ActiveCfg = Release|Any CPU
		{C2BEA7BD-5E91-4522-808F-03E6489357A9}.Release|Any CPU.Build.0 = Release|Any CPU
	EndGlobalSection
	GlobalSection(SolutionProperties) = preSolution
		HideSolutionNode = FALSE
	EndGlobalSection
	GlobalSection(ExtensibilityGlobals) = postSolution
		SolutionGuid = {731F9D38-0B99-45EC-91AE-DA179E724AE8}
	EndGlobalSection
EndGlobal
